{
  "name": "uship-occ",
  "version": "1.0.0",
  "lockfileVersion": 3,
  "requires": true,
  "packages": {
    "": {
      "name": "uship-occ",
      "version": "1.0.0",
      "workspaces": [
        "apps/web",
        "apps/driver"
      ],
      "engines": {
        "node": ">=18.0.0",
        "npm": ">=9.0.0"
      }
    },
    "apps/driver": {},
    "apps/web": {},
    "node_modules/driver": {
      "resolved": "apps/driver",
      "link": true
    },
    "node_modules/web": {
      "resolved": "apps/web",
      "link": true
    }
  }
}
